// !$*UTF8*$!
{
	archiveVersion = 1;
	classes = {
	};
	objectVersion = 50;
	objects = {

/* Begin PBXBuildFile section */
		C318EC0E25CF212D005131A9 /* MeditationSwiftUIApp.swift in Sources */ = {isa = PBXBuildFile; fileRef = C318EC0D25CF212D005131A9 /* MeditationSwiftUIApp.swift */; };
		C318EC1225CF212E005131A9 /* Assets.xcassets in Resources */ = {isa = PBXBuildFile; fileRef = C318EC1125CF212E005131A9 /* Assets.xcassets */; };
		C318EC1525CF212E005131A9 /* Preview Assets.xcassets in Resources */ = {isa = PBXBuildFile; fileRef = C318EC1425CF212E005131A9 /* Preview Assets.xcassets */; };
		C318EC1E25CF213F005131A9 /* Launch Screen.storyboard in Resources */ = {isa = PBXBuildFile; fileRef = C318EC1D25CF213F005131A9 /* Launch Screen.storyboard */; };
		C318EC2425CF255A005131A9 /* OnBoardView.swift in Sources */ = {isa = PBXBuildFile; fileRef = C318EC2325CF255A005131A9 /* OnBoardView.swift */; };
		C318EC2725CF26F1005131A9 /* Font in Resources */ = {isa = PBXBuildFile; fileRef = C318EC2625CF26F1005131A9 /* Font */; };
		C318EC2B25CF2E85005131A9 /* RootView.swift in Sources */ = {isa = PBXBuildFile; fileRef = C318EC2A25CF2E85005131A9 /* RootView.swift */; };
		C318EC2E25CF2F1F005131A9 /* SignInView.swift in Sources */ = {isa = PBXBuildFile; fileRef = C318EC2D25CF2F1F005131A9 /* SignInView.swift */; };
		C318EC3225CF3722005131A9 /* RegistrationView.swift in Sources */ = {isa = PBXBuildFile; fileRef = C318EC3125CF3722005131A9 /* RegistrationView.swift */; };
		C318EC3525CF3ECA005131A9 /* MainTabView.swift in Sources */ = {isa = PBXBuildFile; fileRef = C318EC3425CF3ECA005131A9 /* MainTabView.swift */; };
		C318EC3825D00056005131A9 /* MainView.swift in Sources */ = {isa = PBXBuildFile; fileRef = C318EC3725D00056005131A9 /* MainView.swift */; };
		C318EC3B25D0008E005131A9 /* SoundView.swift in Sources */ = {isa = PBXBuildFile; fileRef = C318EC3A25D0008E005131A9 /* SoundView.swift */; };
		C318EC3E25D000F7005131A9 /* ProfileView.swift in Sources */ = {isa = PBXBuildFile; fileRef = C318EC3D25D000F7005131A9 /* ProfileView.swift */; };
/* End PBXBuildFile section */

/* Begin PBXFileReference section */
		C318EC0A25CF212D005131A9 /* MeditationSwiftUI.app */ = {isa = PBXFileReference; explicitFileType = wrapper.application; includeInIndex = 0; path = MeditationSwiftUI.app; sourceTree = BUILT_PRODUCTS_DIR; };
		C318EC0D25CF212D005131A9 /* MeditationSwiftUIApp.swift */ = {isa = PBXFileReference; lastKnownFileType = sourcecode.swift; path = MeditationSwiftUIApp.swift; sourceTree = "<group>"; };
		C318EC1125CF212E005131A9 /* Assets.xcassets */ = {isa = PBXFileReference; lastKnownFileType = folder.assetcatalog; path = Assets.xcassets; sourceTree = "<group>"; };
		C318EC1425CF212E005131A9 /* Preview Assets.xcassets */ = {isa = PBXFileReference; lastKnownFileType = folder.assetcatalog; path = "Preview Assets.xcassets"; sourceTree = "<group>"; };
		C318EC1625CF212E005131A9 /* Info.plist */ = {isa = PBXFileReference; lastKnownFileType = text.plist.xml; path = Info.plist; sourceTree = "<group>"; };
		C318EC1D25CF213F005131A9 /* Launch Screen.storyboard */ = {isa = PBXFileReference; lastKnownFileType = file.storyboard; path = "Launch Screen.storyboard"; sourceTree = "<group>"; };
		C318EC2325CF255A005131A9 /* OnBoardView.swift */ = {isa = PBXFileReference; lastKnownFileType = sourcecode.swift; path = OnBoardView.swift; sourceTree = "<group>"; };
		C318EC2625CF26F1005131A9 /* Font */ = {isa = PBXFileReference; lastKnownFileType = folder; path = Font; sourceTree = "<group>"; };
		C318EC2A25CF2E85005131A9 /* RootView.swift */ = {isa = PBXFileReference; lastKnownFileType = sourcecode.swift; path = RootView.swift; sourceTree = "<group>"; };
		C318EC2D25CF2F1F005131A9 /* SignInView.swift */ = {isa = PBXFileReference; lastKnownFileType = sourcecode.swift; path = SignInView.swift; sourceTree = "<group>"; };
		C318EC3125CF3722005131A9 /* RegistrationView.swift */ = {isa = PBXFileReference; lastKnownFileType = sourcecode.swift; path = RegistrationView.swift; sourceTree = "<group>"; };
		C318EC3425CF3ECA005131A9 /* MainTabView.swift */ = {isa = PBXFileReference; lastKnownFileType = sourcecode.swift; path = MainTabView.swift; sourceTree = "<group>"; };
		C318EC3725D00056005131A9 /* MainView.swift */ = {isa = PBXFileReference; lastKnownFileType = sourcecode.swift; path = MainView.swift; sourceTree = "<group>"; };
		C318EC3A25D0008E005131A9 /* SoundView.swift */ = {isa = PBXFileReference; lastKnownFileType = sourcecode.swift; path = SoundView.swift; sourceTree = "<group>"; };
		C318EC3D25D000F7005131A9 /* ProfileView.swift */ = {isa = PBXFileReference; lastKnownFileType = sourcecode.swift; path = ProfileView.swift; sourceTree = "<group>"; };
/* End PBXFileReference section */

/* Begin PBXFrameworksBuildPhase section */
		C318EC0725CF212D005131A9 /* Frameworks */ = {
			isa = PBXFrameworksBuildPhase;
			buildActionMask = 2147483647;
			files = (
			);
			runOnlyForDeploymentPostprocessing = 0;
		};
/* End PBXFrameworksBuildPhase section */

/* Begin PBXGroup section */
		C318EC0125CF212D005131A9 = {
			isa = PBXGroup;
			children = (
				C318EC0C25CF212D005131A9 /* MeditationSwiftUI */,
				C318EC0B25CF212D005131A9 /* Products */,
			);
			sourceTree = "<group>";
		};
		C318EC0B25CF212D005131A9 /* Products */ = {
			isa = PBXGroup;
			children = (
				C318EC0A25CF212D005131A9 /* MeditationSwiftUI.app */,
			);
			name = Products;
			sourceTree = "<group>";
		};
		C318EC0C25CF212D005131A9 /* MeditationSwiftUI */ = {
			isa = PBXGroup;
			children = (
				C318EC2625CF26F1005131A9 /* Font */,
				C318EC0D25CF212D005131A9 /* MeditationSwiftUIApp.swift */,
				C318EC2A25CF2E85005131A9 /* RootView.swift */,
				C318EC2325CF255A005131A9 /* OnBoardView.swift */,
				C318EC2D25CF2F1F005131A9 /* SignInView.swift */,
				C318EC3125CF3722005131A9 /* RegistrationView.swift */,
				C318EC3425CF3ECA005131A9 /* MainTabView.swift */,
				C318EC3725D00056005131A9 /* MainView.swift */,
				C318EC3A25D0008E005131A9 /* SoundView.swift */,
				C318EC3D25D000F7005131A9 /* ProfileView.swift */,
				C318EC1125CF212E005131A9 /* Assets.xcassets */,
				C318EC1625CF212E005131A9 /* Info.plist */,
				C318EC1D25CF213F005131A9 /* Launch Screen.storyboard */,
				C318EC1325CF212E005131A9 /* Preview Content */,
			);
			path = MeditationSwiftUI;
			sourceTree = "<group>";
		};
		C318EC1325CF212E005131A9 /* Preview Content */ = {
			isa = PBXGroup;
			children = (
				C318EC1425CF212E005131A9 /* Preview Assets.xcassets */,
			);
			path = "Preview Content";
			sourceTree = "<group>";
		};
/* End PBXGroup section */

/* Begin PBXNativeTarget section */
		C318EC0925CF212D005131A9 /* MeditationSwiftUI */ = {
			isa = PBXNativeTarget;
			buildConfigurationList = C318EC1925CF212E005131A9 /* Build configuration list for PBXNativeTarget "MeditationSwiftUI" */;
			buildPhases = (
				C318EC0625CF212D005131A9 /* Sources */,
				C318EC0725CF212D005131A9 /* Frameworks */,
				C318EC0825CF212D005131A9 /* Resources */,
			);
			buildRules = (
			);
			dependencies = (
			);
			name = MeditationSwiftUI;
			productName = MeditationSwiftUI;
			productReference = C318EC0A25CF212D005131A9 /* MeditationSwiftUI.app */;
			productType = "com.apple.product-type.application";
		};
/* End PBXNativeTarget section */

/* Begin PBXProject section */
		C318EC0225CF212D005131A9 /* Project object */ = {
			isa = PBXProject;
			attributes = {
				LastSwiftUpdateCheck = 1240;
				LastUpgradeCheck = 1240;
				TargetAttributes = {
					C318EC0925CF212D005131A9 = {
						CreatedOnToolsVersion = 12.4;
					};
				};
			};
			buildConfigurationList = C318EC0525CF212D005131A9 /* Build configuration list for PBXProject "MeditationSwiftUI" */;
			compatibilityVersion = "Xcode 9.3";
			developmentRegion = en;
			hasScannedForEncodings = 0;
			knownRegions = (
				en,
				Base,
			);
			mainGroup = C318EC0125CF212D005131A9;
			productRefGroup = C318EC0B25CF212D005131A9 /* Products */;
			projectDirPath = "";
			projectRoot = "";
			targets = (
				C318EC0925CF212D005131A9 /* MeditationSwiftUI */,
			);
		};
/* End PBXProject section */

/* Begin PBXResourcesBuildPhase section */
		C318EC0825CF212D005131A9 /* Resources */ = {
			isa = PBXResourcesBuildPhase;
			buildActionMask = 2147483647;
			files = (
				C318EC1E25CF213F005131A9 /* Launch Screen.storyboard in Resources */,
				C318EC1525CF212E005131A9 /* Preview Assets.xcassets in Resources */,
				C318EC2725CF26F1005131A9 /* Font in Resources */,
				C318EC1225CF212E005131A9 /* Assets.xcassets in Resources */,
			);
			runOnlyForDeploymentPostprocessing = 0;
		};
/* End PBXResourcesBuildPhase section */

/* Begin PBXSourcesBuildPhase section */
		C318EC0625CF212D005131A9 /* Sources */ = {
			isa = PBXSourcesBuildPhase;
			buildActionMask = 2147483647;
			files = (
				C318EC2425CF255A005131A9 /* OnBoardView.swift in Sources */,
				C318EC3E25D000F7005131A9 /* ProfileView.swift in Sources */,
				C318EC3825D00056005131A9 /* MainView.swift in Sources */,
				C318EC0E25CF212D005131A9 /* MeditationSwiftUIApp.swift in Sources */,
				C318EC2E25CF2F1F005131A9 /* SignInView.swift in Sources */,
				C318EC2B25CF2E85005131A9 /* RootView.swift in Sources */,
				C318EC3225CF3722005131A9 /* RegistrationView.swift in Sources */,
				C318EC3B25D0008E005131A9 /* SoundView.swift in Sources */,
				C318EC3525CF3ECA005131A9 /* MainTabView.swift in Sources */,
			);
			runOnlyForDeploymentPostprocessing = 0;
		};
/* End PBXSourcesBuildPhase section */

/* Begin XCBuildConfiguration section */
		C318EC1725CF212E005131A9 /* Debug */ = {
			isa = XCBuildConfiguration;
			buildSettings = {
				ALWAYS_SEARCH_USER_PATHS = NO;
				CLANG_ANALYZER_NONNULL = YES;
				CLANG_ANALYZER_NUMBER_OBJECT_CONVERSION = YES_AGGRESSIVE;
				CLANG_CXX_LANGUAGE_STANDARD = "gnu++14";
				CLANG_CXX_LIBRARY = "libc++";
				CLANG_ENABLE_MODULES = YES;
				CLANG_ENABLE_OBJC_ARC = YES;
				CLANG_ENABLE_OBJC_WEAK = YES;
				CLANG_WARN_BLOCK_CAPTURE_AUTORELEASING = YES;
				CLANG_WARN_BOOL_CONVERSION = YES;
				CLANG_WARN_COMMA = YES;
				CLANG_WARN_CONSTANT_CONVERSION = YES;
				CLANG_WARN_DEPRECATED_OBJC_IMPLEMENTATIONS = YES;
				CLANG_WARN_DIRECT_OBJC_ISA_USAGE = YES_ERROR;
				CLANG_WARN_DOCUMENTATION_COMMENTS = YES;
				CLANG_WARN_EMPTY_BODY = YES;
				CLANG_WARN_ENUM_CONVERSION = YES;
				CLANG_WARN_INFINITE_RECURSION = YES;
				CLANG_WARN_INT_CONVERSION = YES;
				CLANG_WARN_NON_LITERAL_NULL_CONVERSION = YES;
				CLANG_WARN_OBJC_IMPLICIT_RETAIN_SELF = YES;
				CLANG_WARN_OBJC_LITERAL_CONVERSION = YES;
				CLANG_WARN_OBJC_ROOT_CLASS = YES_ERROR;
				CLANG_WARN_QUOTED_INCLUDE_IN_FRAMEWORK_HEADER = YES;
				CLANG_WARN_RANGE_LOOP_ANALYSIS = YES;
				CLANG_WARN_STRICT_PROTOTYPES = YES;
				CLANG_WARN_SUSPICIOUS_MOVE = YES;
				CLANG_WARN_UNGUARDED_AVAILABILITY = YES_AGGRESSIVE;
				CLANG_WARN_UNREACHABLE_CODE = YES;
				CLANG_WARN__DUPLICATE_METHOD_MATCH = YES;
				COPY_PHASE_STRIP = NO;
				DEBUG_INFORMATION_FORMAT = dwarf;
				ENABLE_STRICT_OBJC_MSGSEND = YES;
				ENABLE_TESTABILITY = YES;
				GCC_C_LANGUAGE_STANDARD = gnu11;
				GCC_DYNAMIC_NO_PIC = NO;
				GCC_NO_COMMON_BLOCKS = YES;
				GCC_OPTIMIZATION_LEVEL = 0;
				GCC_PREPROCESSOR_DEFINITIONS = (
					"DEBUG=1",
					"$(inherited)",
				);
				GCC_WARN_64_TO_32_BIT_CONVERSION = YES;
				GCC_WARN_ABOUT_RETURN_TYPE = YES_ERROR;
				GCC_WARN_UNDECLARED_SELECTOR = YES;
				GCC_WARN_UNINITIALIZED_AUTOS = YES_AGGRESSIVE;
				GCC_WARN_UNUSED_FUNCTION = YES;
				GCC_WARN_UNUSED_VARIABLE = YES;
				IPHONEOS_DEPLOYMENT_TARGET = 14.4;
				MTL_ENABLE_DEBUG_INFO = INCLUDE_SOURCE;
				MTL_FAST_MATH = YES;
				ONLY_ACTIVE_ARCH = YES;
				SDKROOT = iphoneos;
				SWIFT_ACTIVE_COMPILATION_CONDITIONS = DEBUG;
				SWIFT_OPTIMIZATION_LEVEL = "-Onone";
			};
			name = Debug;
		};
		C318EC1825CF212E005131A9 /* Release */ = {
			isa = XCBuildConfiguration;
			buildSettings = {
				ALWAYS_SEARCH_USER_PATHS = NO;
				CLANG_ANALYZER_NONNULL = YES;
				CLANG_ANALYZER_NUMBER_OBJECT_CONVERSION = YES_AGGRESSIVE;
				CLANG_CXX_LANGUAGE_STANDARD = "gnu++14";
				CLANG_CXX_LIBRARY = "libc++";
				CLANG_ENABLE_MODULES = YES;
				CLANG_ENABLE_OBJC_ARC = YES;
				CLANG_ENABLE_OBJC_WEAK = YES;
				CLANG_WARN_BLOCK_CAPTURE_AUTORELEASING = YES;
				CLANG_WARN_BOOL_CONVERSION = YES;
				CLANG_WARN_COMMA = YES;
				CLANG_WARN_CONSTANT_CONVERSION = YES;
				CLANG_WARN_DEPRECATED_OBJC_IMPLEMENTATIONS = YES;
				CLANG_WARN_DIRECT_OBJC_ISA_USAGE = YES_ERROR;
				CLANG_WARN_DOCUMENTATION_COMMENTS = YES;
				CLANG_WARN_EMPTY_BODY = YES;
				CLANG_WARN_ENUM_CONVERSION = YES;
				CLANG_WARN_INFINITE_RECURSION = YES;
				CLANG_WARN_INT_CONVERSION = YES;
				CLANG_WARN_NON_LITERAL_NULL_CONVERSION = YES;
				CLANG_WARN_OBJC_IMPLICIT_RETAIN_SELF = YES;
				CLANG_WARN_OBJC_LITERAL_CONVERSION = YES;
				CLANG_WARN_OBJC_ROOT_CLASS = YES_ERROR;
				CLANG_WARN_QUOTED_INCLUDE_IN_FRAMEWORK_HEADER = YES;
				CLANG_WARN_RANGE_LOOP_ANALYSIS = YES;
				CLANG_WARN_STRICT_PROTOTYPES = YES;
				CLANG_WARN_SUSPICIOUS_MOVE = YES;
				CLANG_WARN_UNGUARDED_AVAILABILITY = YES_AGGRESSIVE;
				CLANG_WARN_UNREACHABLE_CODE = YES;
				CLANG_WARN__DUPLICATE_METHOD_MATCH = YES;
				COPY_PHASE_STRIP = NO;
				DEBUG_INFORMATION_FORMAT = "dwarf-with-dsym";
				ENABLE_NS_ASSERTIONS = NO;
				ENABLE_STRICT_OBJC_MSGSEND = YES;
				GCC_C_LANGUAGE_STANDARD = gnu11;
				GCC_NO_COMMON_BLOCKS = YES;
				GCC_WARN_64_TO_32_BIT_CONVERSION = YES;
				GCC_WARN_ABOUT_RETURN_TYPE = YES_ERROR;
				GCC_WARN_UNDECLARED_SELECTOR = YES;
				GCC_WARN_UNINITIALIZED_AUTOS = YES_AGGRESSIVE;
				GCC_WARN_UNUSED_FUNCTION = YES;
				GCC_WARN_UNUSED_VARIABLE = YES;
				IPHONEOS_DEPLOYMENT_TARGET = 14.4;
				MTL_ENABLE_DEBUG_INFO = NO;
				MTL_FAST_MATH = YES;
				SDKROOT = iphoneos;
				SWIFT_COMPILATION_MODE = wholemodule;
				SWIFT_OPTIMIZATION_LEVEL = "-O";
				VALIDATE_PRODUCT = YES;
			};
			name = Release;
		};
		C318EC1A25CF212E005131A9 /* Debug */ = {
			isa = XCBuildConfiguration;
			buildSettings = {
				ASSETCATALOG_COMPILER_APPICON_NAME = AppIcon;
				ASSETCATALOG_COMPILER_GLOBAL_ACCENT_COLOR_NAME = AccentColor;
				CODE_SIGN_STYLE = Automatic;
				DEVELOPMENT_ASSET_PATHS = "\"MeditationSwiftUI/Preview Content\"";
				DEVELOPMENT_TEAM = LH9T2227L9;
				ENABLE_PREVIEWS = YES;
				INFOPLIST_FILE = MeditationSwiftUI/Info.plist;
				IPHONEOS_DEPLOYMENT_TARGET = 14.0;
				LD_RUNPATH_SEARCH_PATHS = (
					"$(inherited)",
					"@executable_path/Frameworks",
				);
				PRODUCT_BUNDLE_IDENTIFIER = su.areas.MeditationSwiftUI;
				PRODUCT_NAME = "$(TARGET_NAME)";
				SWIFT_VERSION = 5.0;
				TARGETED_DEVICE_FAMILY = "1,2";
			};
			name = Debug;
		};
		C318EC1B25CF212E005131A9 /* Release */ = {
			isa = XCBuildConfiguration;
			buildSettings = {
				ASSETCATALOG_COMPILER_APPICON_NAME = AppIcon;
				ASSETCATALOG_COMPILER_GLOBAL_ACCENT_COLOR_NAME = AccentColor;
				CODE_SIGN_STYLE = Automatic;
				DEVELOPMENT_ASSET_PATHS = "\"MeditationSwiftUI/Preview Content\"";
				DEVELOPMENT_TEAM = LH9T2227L9;
				ENABLE_PREVIEWS = YES;
				INFOPLIST_FILE = MeditationSwiftUI/Info.plist;
				IPHONEOS_DEPLOYMENT_TARGET = 14.0;
				LD_RUNPATH_SEARCH_PATHS = (
					"$(inherited)",
					"@executable_path/Frameworks",
				);
				PRODUCT_BUNDLE_IDENTIFIER = su.areas.MeditationSwiftUI;
				PRODUCT_NAME = "$(TARGET_NAME)";
				SWIFT_VERSION = 5.0;
				TARGETED_DEVICE_FAMILY = "1,2";
			};
			name = Release;
		};
/* End XCBuildConfiguration section */

/* Begin XCConfigurationList section */
		C318EC0525CF212D005131A9 /* Build configuration list for PBXProject "MeditationSwiftUI" */ = {
			isa = XCConfigurationList;
			buildConfigurations = (
				C318EC1725CF212E005131A9 /* Debug */,
				C318EC1825CF212E005131A9 /* Release */,
			);
			defaultConfigurationIsVisible = 0;
			defaultConfigurationName = Release;
		};
		C318EC1925CF212E005131A9 /* Build configuration list for PBXNativeTarget "MeditationSwiftUI" */ = {
			isa = XCConfigurationList;
			buildConfigurations = (
				C318EC1A25CF212E005131A9 /* Debug */,
				C318EC1B25CF212E005131A9 /* Release */,
			);
			defaultConfigurationIsVisible = 0;
			defaultConfigurationName = Release;
		};
/* End XCConfigurationList section */
	};
	rootObject = C318EC0225CF212D005131A9 /* Project object */;
}
